
Microsoft Visual Studio Solution File, Format Version 12.00
# Visual Studio 15
VisualStudioVersion = 15.0.27130.0
MinimumVisualStudioVersion = 10.0.40219.1
Project("{FAE04EC0-301F-11D3-BF4B-00C04F79EFBC}") = "Students.View", "Students.View\Students.View.csproj", "{37C26387-F258-4675-8B6D-336478778647}"
EndProject
Project("{FAE04EC0-301F-11D3-BF4B-00C04F79EFBC}") = "Students.Model", "Students.Model\Students.Model.csproj", "{C4925E6A-C07F-45DA-8924-94CA0FCA6B7F}"
EndProject
Project("{FAE04EC0-301F-11D3-BF4B-00C04F79EFBC}") = "Students.Presenter", "Students.Presenter\Students.Presenter.csproj", "{59F0A734-98AD-4169-A28D-3E812D5AD8FA}"
EndProject
Global
	GlobalSection(SolutionConfigurationPlatforms) = preSolution
		Debug|Any CPU = Debug|Any CPU
		Release|Any CPU = Release|Any CPU
	EndGlobalSection
	GlobalSection(ProjectConfigurationPlatforms) = postSolution
		{37C26387-F258-4675-8B6D-336478778647}.Debug|Any CPU.ActiveCfg = Debug|Any CPU
		{37C26387-F258-4675-8B6D-336478778647}.Debug|Any CPU.Build.0 = Debug|Any CPU
		{37C26387-F258-4675-8B6D-336478778647}.Release|Any CPU.ActiveCfg = Release|Any CPU
		{37C26387-F258-4675-8B6D-336478778647}.Release|Any CPU.Build.0 = Release|Any CPU
		{C4925E6A-C07F-45DA-8924-94CA0FCA6B7F}.Debug|Any CPU.ActiveCfg = Debug|Any CPU
		{C4925E6A-C07F-45DA-8924-94CA0FCA6B7F}.Debug|Any CPU.Build.0 = Debug|Any CPU
		{C4925E6A-C07F-45DA-8924-94CA0FCA6B7F}.Release|Any CPU.ActiveCfg = Release|Any CPU
		{C4925E6A-C07F-45DA-8924-94CA0FCA6B7F}.Release|Any CPU.Build.0 = Release|Any CPU
		{59F0A734-98AD-4169-A28D-3E812D5AD8FA}.Debug|Any CPU.ActiveCfg = Debug|Any CPU
		{59F0A734-98AD-4169-A28D-3E812D5AD8FA}.Debug|Any CPU.Build.0 = Debug|Any CPU
		{59F0A734-98AD-4169-A28D-3E812D5AD8FA}.Release|Any CPU.ActiveCfg = Release|Any CPU
		{59F0A734-98AD-4169-A28D-3E812D5AD8FA}.Release|Any CPU.Build.0 = Release|Any CPU
	EndGlobalSection
	GlobalSection(SolutionProperties) = preSolution
		HideSolutionNode = FALSE
	EndGlobalSection
	GlobalSection(ExtensibilityGlobals) = postSolution
		SolutionGuid = {94D0D0BD-9AE3-4F66-8086-0CB1752B2B89}
	EndGlobalSection
EndGlobal
